// !$*UTF8*$!
{
	archiveVersion = 1;
	classes = {
	};
	objectVersion = 56;
	objects = {

/* Begin PBXBuildFile section */
		3348C0EC2B614CC700764DD9 /* Document.swift in Sources */ = {isa = PBXBuildFile; fileRef = 3348C0EB2B614CC700764DD9 /* Document.swift */; };
		33A9E1C72B60DEB3005F85CD /* main.swift in Sources */ = {isa = PBXBuildFile; fileRef = 33A9E1C62B60DEB3005F85CD /* main.swift */; };
		33A9E1CD2B60E4CA005F85CD /* XcodeView.swift in Sources */ = {isa = PBXBuildFile; fileRef = 33A9E1CC2B60E4CA005F85CD /* XcodeView.swift */; };
		33A9E1CF2B60E520005F85CD /* XcodeViewSettings.swift in Sources */ = {isa = PBXBuildFile; fileRef = 33A9E1CE2B60E520005F85CD /* XcodeViewSettings.swift */; };
		33A9E1D12B60E69B005F85CD /* XcodeWrapAnywhereTypesetter.swift in Sources */ = {isa = PBXBuildFile; fileRef = 33A9E1D02B60E69B005F85CD /* XcodeWrapAnywhereTypesetter.swift */; };
		33A9E1D62B611B33005F85CD /* WindowController.swift in Sources */ = {isa = PBXBuildFile; fileRef = 33A9E1D52B611B33005F85CD /* WindowController.swift */; };
		33D5E1E72B60B96E00B9BD84 /* AppDelegate.swift in Sources */ = {isa = PBXBuildFile; fileRef = 33D5E1E62B60B96E00B9BD84 /* AppDelegate.swift */; };
		33D5E1EB2B60B96F00B9BD84 /* Assets.xcassets in Resources */ = {isa = PBXBuildFile; fileRef = 33D5E1EA2B60B96F00B9BD84 /* Assets.xcassets */; };
		33D5E2182B60D68000B9BD84 /* DVTFoundation.framework in Frameworks */ = {isa = PBXBuildFile; fileRef = 33D5E2172B60D68000B9BD84 /* DVTFoundation.framework */; };
		33D5E21C2B60D68B00B9BD84 /* DVTKit.framework in Frameworks */ = {isa = PBXBuildFile; fileRef = 33D5E21B2B60D68A00B9BD84 /* DVTKit.framework */; settings = {ATTRIBUTES = (Required, ); }; };
		33DBAF1D2B6390CE00A4ADCE /* AboutView.swift in Sources */ = {isa = PBXBuildFile; fileRef = 33DBAF1C2B6390CE00A4ADCE /* AboutView.swift */; };
/* End PBXBuildFile section */

/* Begin PBXFileReference section */
		3348C0EB2B614CC700764DD9 /* Document.swift */ = {isa = PBXFileReference; fileEncoding = 4; lastKnownFileType = sourcecode.swift; path = Document.swift; sourceTree = "<group>"; };
		3348C0ED2B614FE300764DD9 /* Info.plist */ = {isa = PBXFileReference; lastKnownFileType = text.plist; path = Info.plist; sourceTree = "<group>"; };
		33A9E1C52B60DBA7005F85CD /* Bridge.h */ = {isa = PBXFileReference; lastKnownFileType = sourcecode.c.h; path = Bridge.h; sourceTree = "<group>"; };
		33A9E1C62B60DEB3005F85CD /* main.swift */ = {isa = PBXFileReference; lastKnownFileType = sourcecode.swift; path = main.swift; sourceTree = "<group>"; };
		33A9E1C82B60E0C9005F85CD /* .gitignore */ = {isa = PBXFileReference; lastKnownFileType = text; path = .gitignore; sourceTree = "<group>"; };
		33A9E1C92B60E0DF005F85CD /* README.md */ = {isa = PBXFileReference; lastKnownFileType = net.daringfireball.markdown; path = README.md; sourceTree = "<group>"; };
		33A9E1CA2B60E0E5005F85CD /* LICENSE */ = {isa = PBXFileReference; lastKnownFileType = text; path = LICENSE; sourceTree = "<group>"; };
		33A9E1CB2B60E101005F85CD /* packages */ = {isa = PBXFileReference; lastKnownFileType = folder; path = packages; sourceTree = "<group>"; };
		33A9E1CC2B60E4CA005F85CD /* XcodeView.swift */ = {isa = PBXFileReference; lastKnownFileType = sourcecode.swift; path = XcodeView.swift; sourceTree = "<group>"; };
		33A9E1CE2B60E520005F85CD /* XcodeViewSettings.swift */ = {isa = PBXFileReference; lastKnownFileType = sourcecode.swift; path = XcodeViewSettings.swift; sourceTree = "<group>"; xcLanguageSpecificationIdentifier = xcode.lang.java; };
		33A9E1D02B60E69B005F85CD /* XcodeWrapAnywhereTypesetter.swift */ = {isa = PBXFileReference; lastKnownFileType = sourcecode.swift; path = XcodeWrapAnywhereTypesetter.swift; sourceTree = "<group>"; xcLanguageSpecificationIdentifier = xcode.lang.swift; };
		33A9E1D22B611710005F85CD /* Makefile */ = {isa = PBXFileReference; lastKnownFileType = sourcecode.make; path = Makefile; sourceTree = "<group>"; };
		33A9E1D52B611B33005F85CD /* WindowController.swift */ = {isa = PBXFileReference; lastKnownFileType = sourcecode.swift; path = WindowController.swift; sourceTree = "<group>"; };
		33D5E1E32B60B96E00B9BD84 /* Zcode.app */ = {isa = PBXFileReference; explicitFileType = wrapper.application; includeInIndex = 0; path = Zcode.app; sourceTree = BUILT_PRODUCTS_DIR; };
		33D5E1E62B60B96E00B9BD84 /* AppDelegate.swift */ = {isa = PBXFileReference; lastKnownFileType = sourcecode.swift; path = AppDelegate.swift; sourceTree = "<group>"; };
		33D5E1EA2B60B96F00B9BD84 /* Assets.xcassets */ = {isa = PBXFileReference; lastKnownFileType = folder.assetcatalog; path = Assets.xcassets; sourceTree = "<group>"; };
		33D5E1EF2B60B96F00B9BD84 /* Zcode.entitlements */ = {isa = PBXFileReference; lastKnownFileType = text.plist.entitlements; path = Zcode.entitlements; sourceTree = "<group>"; };
		33D5E2172B60D68000B9BD84 /* DVTFoundation.framework */ = {isa = PBXFileReference; lastKnownFileType = wrapper.framework; name = DVTFoundation.framework; path = "../../../../Applications/xcode/Xcode-14.3.1.app/Contents/SharedFrameworks/DVTFoundation.framework"; sourceTree = "<group>"; };
		33D5E21B2B60D68A00B9BD84 /* DVTKit.framework */ = {isa = PBXFileReference; lastKnownFileType = wrapper.framework; name = DVTKit.framework; path = "../../../../Applications/xcode/Xcode-14.3.1.app/Contents/SharedFrameworks/DVTKit.framework"; sourceTree = "<group>"; };
		33D5E2242B60D93200B9BD84 /* module.modulemap */ = {isa = PBXFileReference; lastKnownFileType = "sourcecode.module-map"; path = module.modulemap; sourceTree = "<group>"; };
		33DBAF1C2B6390CE00A4ADCE /* AboutView.swift */ = {isa = PBXFileReference; lastKnownFileType = sourcecode.swift; path = AboutView.swift; sourceTree = "<group>"; };
/* End PBXFileReference section */

/* Begin PBXFrameworksBuildPhase section */
		33D5E1E02B60B96E00B9BD84 /* Frameworks */ = {
			isa = PBXFrameworksBuildPhase;
			buildActionMask = 2147483647;
			files = (
				33D5E21C2B60D68B00B9BD84 /* DVTKit.framework in Frameworks */,
				33D5E2182B60D68000B9BD84 /* DVTFoundation.framework in Frameworks */,
			);
			runOnlyForDeploymentPostprocessing = 0;
		};
/* End PBXFrameworksBuildPhase section */

/* Begin PBXGroup section */
		33A9E1D72B611D45005F85CD /* XcodeView */ = {
			isa = PBXGroup;
			children = (
				33A9E1CE2B60E520005F85CD /* XcodeViewSettings.swift */,
				33A9E1CC2B60E4CA005F85CD /* XcodeView.swift */,
				33A9E1D02B60E69B005F85CD /* XcodeWrapAnywhereTypesetter.swift */,
			);
			path = XcodeView;
			sourceTree = "<group>";
		};
		33A9E1D82B611D4F005F85CD /* Main */ = {
			isa = PBXGroup;
			children = (
				33A9E1D52B611B33005F85CD /* WindowController.swift */,
				3348C0EB2B614CC700764DD9 /* Document.swift */,
			);
			path = Main;
			sourceTree = "<group>";
		};
		33D5E1DA2B60B96E00B9BD84 = {
			isa = PBXGroup;
			children = (
				33A9E1C82B60E0C9005F85CD /* .gitignore */,
				33A9E1C92B60E0DF005F85CD /* README.md */,
				33A9E1CA2B60E0E5005F85CD /* LICENSE */,
				33A9E1D22B611710005F85CD /* Makefile */,
				33A9E1CB2B60E101005F85CD /* packages */,
				33D5E1E52B60B96E00B9BD84 /* Zcode */,
				33D5E1E42B60B96E00B9BD84 /* Products */,
				33D5E1F52B60CA8400B9BD84 /* Frameworks */,
			);
			sourceTree = "<group>";
		};
		33D5E1E42B60B96E00B9BD84 /* Products */ = {
			isa = PBXGroup;
			children = (
				33D5E1E32B60B96E00B9BD84 /* Zcode.app */,
			);
			name = Products;
			sourceTree = "<group>";
		};
		33D5E1E52B60B96E00B9BD84 /* Zcode */ = {
			isa = PBXGroup;
			children = (
				3348C0ED2B614FE300764DD9 /* Info.plist */,
				33A9E1C62B60DEB3005F85CD /* main.swift */,
				33DBAF1C2B6390CE00A4ADCE /* AboutView.swift */,
				33D5E1E62B60B96E00B9BD84 /* AppDelegate.swift */,
				33A9E1D82B611D4F005F85CD /* Main */,
				33A9E1D72B611D45005F85CD /* XcodeView */,
				33D5E2222B60D8E500B9BD84 /* Headers */,
				33D5E1EA2B60B96F00B9BD84 /* Assets.xcassets */,
				33D5E1EF2B60B96F00B9BD84 /* Zcode.entitlements */,
			);
			path = Zcode;
			sourceTree = "<group>";
		};
		33D5E1F52B60CA8400B9BD84 /* Frameworks */ = {
			isa = PBXGroup;
			children = (
				33D5E21B2B60D68A00B9BD84 /* DVTKit.framework */,
				33D5E2172B60D68000B9BD84 /* DVTFoundation.framework */,
			);
			name = Frameworks;
			sourceTree = "<group>";
		};
		33D5E2222B60D8E500B9BD84 /* Headers */ = {
			isa = PBXGroup;
			children = (
				33D5E2242B60D93200B9BD84 /* module.modulemap */,
				33A9E1C52B60DBA7005F85CD /* Bridge.h */,
			);
			path = Headers;
			sourceTree = "<group>";
		};
/* End PBXGroup section */

/* Begin PBXNativeTarget section */
		33D5E1E22B60B96E00B9BD84 /* Zcode */ = {
			isa = PBXNativeTarget;
			buildConfigurationList = 33D5E1F22B60B96F00B9BD84 /* Build configuration list for PBXNativeTarget "Zcode" */;
			buildPhases = (
				33D5E1DF2B60B96E00B9BD84 /* Sources */,
				33D5E1E02B60B96E00B9BD84 /* Frameworks */,
				33D5E1E12B60B96E00B9BD84 /* Resources */,
			);
			buildRules = (
			);
			dependencies = (
			);
			name = Zcode;
			productName = Zcode;
			productReference = 33D5E1E32B60B96E00B9BD84 /* Zcode.app */;
			productType = "com.apple.product-type.application";
		};
/* End PBXNativeTarget section */

/* Begin PBXProject section */
		33D5E1DB2B60B96E00B9BD84 /* Project object */ = {
			isa = PBXProject;
			attributes = {
				BuildIndependentTargetsInParallel = 1;
				LastSwiftUpdateCheck = 1500;
				LastUpgradeCheck = 1500;
				TargetAttributes = {
					33D5E1E22B60B96E00B9BD84 = {
						CreatedOnToolsVersion = 15.0.1;
					};
				};
			};
			buildConfigurationList = 33D5E1DE2B60B96E00B9BD84 /* Build configuration list for PBXProject "Zcode" */;
			compatibilityVersion = "Xcode 14.0";
			developmentRegion = en;
			hasScannedForEncodings = 0;
			knownRegions = (
				en,
				Base,
			);
			mainGroup = 33D5E1DA2B60B96E00B9BD84;
			productRefGroup = 33D5E1E42B60B96E00B9BD84 /* Products */;
			projectDirPath = "";
			projectRoot = "";
			targets = (
				33D5E1E22B60B96E00B9BD84 /* Zcode */,
			);
		};
/* End PBXProject section */

/* Begin PBXResourcesBuildPhase section */
		33D5E1E12B60B96E00B9BD84 /* Resources */ = {
			isa = PBXResourcesBuildPhase;
			buildActionMask = 2147483647;
			files = (
				33D5E1EB2B60B96F00B9BD84 /* Assets.xcassets in Resources */,
			);
			runOnlyForDeploymentPostprocessing = 0;
		};
/* End PBXResourcesBuildPhase section */

/* Begin PBXSourcesBuildPhase section */
		33D5E1DF2B60B96E00B9BD84 /* Sources */ = {
			isa = PBXSourcesBuildPhase;
			buildActionMask = 2147483647;
			files = (
				33A9E1CF2B60E520005F85CD /* XcodeViewSettings.swift in Sources */,
				33A9E1C72B60DEB3005F85CD /* main.swift in Sources */,
				33DBAF1D2B6390CE00A4ADCE /* AboutView.swift in Sources */,
				33A9E1D12B60E69B005F85CD /* XcodeWrapAnywhereTypesetter.swift in Sources */,
				33D5E1E72B60B96E00B9BD84 /* AppDelegate.swift in Sources */,
				33A9E1D62B611B33005F85CD /* WindowController.swift in Sources */,
				3348C0EC2B614CC700764DD9 /* Document.swift in Sources */,
				33A9E1CD2B60E4CA005F85CD /* XcodeView.swift in Sources */,
			);
			runOnlyForDeploymentPostprocessing = 0;
		};
/* End PBXSourcesBuildPhase section */

/* Begin XCBuildConfiguration section */
		33D5E1F02B60B96F00B9BD84 /* Debug */ = {
			isa = XCBuildConfiguration;
			buildSettings = {
				ALWAYS_SEARCH_USER_PATHS = NO;
				ASSETCATALOG_COMPILER_GENERATE_SWIFT_ASSET_SYMBOL_EXTENSIONS = YES;
				CLANG_ANALYZER_NONNULL = YES;
				CLANG_ANALYZER_NUMBER_OBJECT_CONVERSION = YES_AGGRESSIVE;
				CLANG_CXX_LANGUAGE_STANDARD = "gnu++20";
				CLANG_ENABLE_MODULES = YES;
				CLANG_ENABLE_OBJC_ARC = YES;
				CLANG_ENABLE_OBJC_WEAK = YES;
				CLANG_WARN_BLOCK_CAPTURE_AUTORELEASING = YES;
				CLANG_WARN_BOOL_CONVERSION = YES;
				CLANG_WARN_COMMA = YES;
				CLANG_WARN_CONSTANT_CONVERSION = YES;
				CLANG_WARN_DEPRECATED_OBJC_IMPLEMENTATIONS = YES;
				CLANG_WARN_DIRECT_OBJC_ISA_USAGE = YES_ERROR;
				CLANG_WARN_DOCUMENTATION_COMMENTS = YES;
				CLANG_WARN_EMPTY_BODY = YES;
				CLANG_WARN_ENUM_CONVERSION = YES;
				CLANG_WARN_INFINITE_RECURSION = YES;
				CLANG_WARN_INT_CONVERSION = YES;
				CLANG_WARN_NON_LITERAL_NULL_CONVERSION = YES;
				CLANG_WARN_OBJC_IMPLICIT_RETAIN_SELF = YES;
				CLANG_WARN_OBJC_LITERAL_CONVERSION = YES;
				CLANG_WARN_OBJC_ROOT_CLASS = YES_ERROR;
				CLANG_WARN_QUOTED_INCLUDE_IN_FRAMEWORK_HEADER = YES;
				CLANG_WARN_RANGE_LOOP_ANALYSIS = YES;
				CLANG_WARN_STRICT_PROTOTYPES = YES;
				CLANG_WARN_SUSPICIOUS_MOVE = YES;
				CLANG_WARN_UNGUARDED_AVAILABILITY = YES_AGGRESSIVE;
				CLANG_WARN_UNREACHABLE_CODE = YES;
				CLANG_WARN__DUPLICATE_METHOD_MATCH = YES;
				COPY_PHASE_STRIP = NO;
				DEBUG_INFORMATION_FORMAT = dwarf;
				ENABLE_STRICT_OBJC_MSGSEND = YES;
				ENABLE_TESTABILITY = YES;
				ENABLE_USER_SCRIPT_SANDBOXING = YES;
				GCC_C_LANGUAGE_STANDARD = gnu17;
				GCC_DYNAMIC_NO_PIC = NO;
				GCC_NO_COMMON_BLOCKS = YES;
				GCC_OPTIMIZATION_LEVEL = 0;
				GCC_PREPROCESSOR_DEFINITIONS = (
					"DEBUG=1",
					"$(inherited)",
				);
				GCC_WARN_64_TO_32_BIT_CONVERSION = YES;
				GCC_WARN_ABOUT_RETURN_TYPE = YES_ERROR;
				GCC_WARN_UNDECLARED_SELECTOR = YES;
				GCC_WARN_UNINITIALIZED_AUTOS = YES_AGGRESSIVE;
				GCC_WARN_UNUSED_FUNCTION = YES;
				GCC_WARN_UNUSED_VARIABLE = YES;
				LOCALIZATION_PREFERS_STRING_CATALOGS = YES;
				MACOSX_DEPLOYMENT_TARGET = 12.0;
				MTL_ENABLE_DEBUG_INFO = INCLUDE_SOURCE;
				MTL_FAST_MATH = YES;
				ONLY_ACTIVE_ARCH = YES;
				SDKROOT = macosx;
				SWIFT_ACTIVE_COMPILATION_CONDITIONS = "DEBUG $(inherited)";
				SWIFT_OPTIMIZATION_LEVEL = "-Onone";
			};
			name = Debug;
		};
		33D5E1F12B60B96F00B9BD84 /* Release */ = {
			isa = XCBuildConfiguration;
			buildSettings = {
				ALWAYS_SEARCH_USER_PATHS = NO;
				ASSETCATALOG_COMPILER_GENERATE_SWIFT_ASSET_SYMBOL_EXTENSIONS = YES;
				CLANG_ANALYZER_NONNULL = YES;
				CLANG_ANALYZER_NUMBER_OBJECT_CONVERSION = YES_AGGRESSIVE;
				CLANG_CXX_LANGUAGE_STANDARD = "gnu++20";
				CLANG_ENABLE_MODULES = YES;
				CLANG_ENABLE_OBJC_ARC = YES;
				CLANG_ENABLE_OBJC_WEAK = YES;
				CLANG_WARN_BLOCK_CAPTURE_AUTORELEASING = YES;
				CLANG_WARN_BOOL_CONVERSION = YES;
				CLANG_WARN_COMMA = YES;
				CLANG_WARN_CONSTANT_CONVERSION = YES;
				CLANG_WARN_DEPRECATED_OBJC_IMPLEMENTATIONS = YES;
				CLANG_WARN_DIRECT_OBJC_ISA_USAGE = YES_ERROR;
				CLANG_WARN_DOCUMENTATION_COMMENTS = YES;
				CLANG_WARN_EMPTY_BODY = YES;
				CLANG_WARN_ENUM_CONVERSION = YES;
				CLANG_WARN_INFINITE_RECURSION = YES;
				CLANG_WARN_INT_CONVERSION = YES;
				CLANG_WARN_NON_LITERAL_NULL_CONVERSION = YES;
				CLANG_WARN_OBJC_IMPLICIT_RETAIN_SELF = YES;
				CLANG_WARN_OBJC_LITERAL_CONVERSION = YES;
				CLANG_WARN_OBJC_ROOT_CLASS = YES_ERROR;
				CLANG_WARN_QUOTED_INCLUDE_IN_FRAMEWORK_HEADER = YES;
				CLANG_WARN_RANGE_LOOP_ANALYSIS = YES;
				CLANG_WARN_STRICT_PROTOTYPES = YES;
				CLANG_WARN_SUSPICIOUS_MOVE = YES;
				CLANG_WARN_UNGUARDED_AVAILABILITY = YES_AGGRESSIVE;
				CLANG_WARN_UNREACHABLE_CODE = YES;
				CLANG_WARN__DUPLICATE_METHOD_MATCH = YES;
				COPY_PHASE_STRIP = NO;
				DEBUG_INFORMATION_FORMAT = "dwarf-with-dsym";
				ENABLE_NS_ASSERTIONS = NO;
				ENABLE_STRICT_OBJC_MSGSEND = YES;
				ENABLE_USER_SCRIPT_SANDBOXING = YES;
				GCC_C_LANGUAGE_STANDARD = gnu17;
				GCC_NO_COMMON_BLOCKS = YES;
				GCC_WARN_64_TO_32_BIT_CONVERSION = YES;
				GCC_WARN_ABOUT_RETURN_TYPE = YES_ERROR;
				GCC_WARN_UNDECLARED_SELECTOR = YES;
				GCC_WARN_UNINITIALIZED_AUTOS = YES_AGGRESSIVE;
				GCC_WARN_UNUSED_FUNCTION = YES;
				GCC_WARN_UNUSED_VARIABLE = YES;
				LOCALIZATION_PREFERS_STRING_CATALOGS = YES;
				MACOSX_DEPLOYMENT_TARGET = 12.0;
				MTL_ENABLE_DEBUG_INFO = NO;
				MTL_FAST_MATH = YES;
				SDKROOT = macosx;
				SWIFT_COMPILATION_MODE = wholemodule;
			};
			name = Release;
		};
		33D5E1F32B60B96F00B9BD84 /* Debug */ = {
			isa = XCBuildConfiguration;
			buildSettings = {
				ASSETCATALOG_COMPILER_APPICON_NAME = AppIcon;
				ASSETCATALOG_COMPILER_GLOBAL_ACCENT_COLOR_NAME = AccentColor;
				CODE_SIGN_ENTITLEMENTS = Zcode/Zcode.entitlements;
				"CODE_SIGN_IDENTITY[sdk=macosx*]" = "Apple Development";
				CODE_SIGN_STYLE = Automatic;
				COMBINE_HIDPI_IMAGES = YES;
				CURRENT_PROJECT_VERSION = 1;
				DEVELOPMENT_ASSET_PATHS = "";
				DEVELOPMENT_TEAM = DLSL362JHJ;
				ENABLE_PREVIEWS = NO;
				FRAMEWORK_SEARCH_PATHS = "";
				GENERATE_INFOPLIST_FILE = YES;
				INFOPLIST_FILE = Zcode/Info.plist;
				INFOPLIST_KEY_CFBundleDisplayName = Zcode;
				INFOPLIST_KEY_NSHumanReadableCopyright = "Copyright © 2023 ssalggnikool (Samara). All rights reserved.";
				LD_RUNPATH_SEARCH_PATHS = (
					"$(inherited)",
					"@executable_path/../Frameworks",
					"$(DEVELOPER_DIR)/../SharedFrameworks",
				);
				MACOSX_DEPLOYMENT_TARGET = 12.0;
				MARKETING_VERSION = 1.0;
				OTHER_LDFLAGS = "";
				PRODUCT_BUNDLE_IDENTIFIER = com.samiiau.Zcode;
				PRODUCT_NAME = "$(TARGET_NAME)";
				SWIFT_EMIT_LOC_STRINGS = YES;
				SWIFT_INCLUDE_PATHS = "$(SRCROOT)/Zcode/Headers";
				SWIFT_VERSION = 5.0;
				SYSTEM_FRAMEWORK_SEARCH_PATHS = "$(DEVELOPER_DIR)/../SharedFrameworks";
			};
			name = Debug;
		};
		33D5E1F42B60B96F00B9BD84 /* Release */ = {
			isa = XCBuildConfiguration;
			buildSettings = {
				ASSETCATALOG_COMPILER_APPICON_NAME = AppIcon;
				ASSETCATALOG_COMPILER_GLOBAL_ACCENT_COLOR_NAME = AccentColor;
				CODE_SIGN_ENTITLEMENTS = Zcode/Zcode.entitlements;
				"CODE_SIGN_IDENTITY[sdk=macosx*]" = "Apple Development";
				CODE_SIGN_STYLE = Automatic;
				COMBINE_HIDPI_IMAGES = YES;
				CURRENT_PROJECT_VERSION = 1;
				DEVELOPMENT_ASSET_PATHS = "";
				DEVELOPMENT_TEAM = DLSL362JHJ;
				ENABLE_PREVIEWS = NO;
				FRAMEWORK_SEARCH_PATHS = "";
				GENERATE_INFOPLIST_FILE = YES;
				INFOPLIST_FILE = Zcode/Info.plist;
				INFOPLIST_KEY_CFBundleDisplayName = Zcode;
				INFOPLIST_KEY_NSHumanReadableCopyright = "Copyright © 2023 ssalggnikool (Samara). All rights reserved.";
				LD_RUNPATH_SEARCH_PATHS = (
					"$(inherited)",
					"@executable_path/../Frameworks",
					"$(DEVELOPER_DIR)/../SharedFrameworks",
				);
				MACOSX_DEPLOYMENT_TARGET = 12.0;
				MARKETING_VERSION = 1.0;
				OTHER_LDFLAGS = "";
				PRODUCT_BUNDLE_IDENTIFIER = com.samiiau.Zcode;
				PRODUCT_NAME = "$(TARGET_NAME)";
				SWIFT_EMIT_LOC_STRINGS = YES;
				SWIFT_INCLUDE_PATHS = "$(SRCROOT)/Zcode/Headers";
				SWIFT_VERSION = 5.0;
				SYSTEM_FRAMEWORK_SEARCH_PATHS = "$(DEVELOPER_DIR)/../SharedFrameworks";
			};
			name = Release;
		};
/* End XCBuildConfiguration section */

/* Begin XCConfigurationList section */
		33D5E1DE2B60B96E00B9BD84 /* Build configuration list for PBXProject "Zcode" */ = {
			isa = XCConfigurationList;
			buildConfigurations = (
				33D5E1F02B60B96F00B9BD84 /* Debug */,
				33D5E1F12B60B96F00B9BD84 /* Release */,
			);
			defaultConfigurationIsVisible = 0;
			defaultConfigurationName = Release;
		};
		33D5E1F22B60B96F00B9BD84 /* Build configuration list for PBXNativeTarget "Zcode" */ = {
			isa = XCConfigurationList;
			buildConfigurations = (
				33D5E1F32B60B96F00B9BD84 /* Debug */,
				33D5E1F42B60B96F00B9BD84 /* Release */,
			);
			defaultConfigurationIsVisible = 0;
			defaultConfigurationName = Release;
		};
/* End XCConfigurationList section */
	};
	rootObject = 33D5E1DB2B60B96E00B9BD84 /* Project object */;
}
